
Microsoft Visual Studio Solution File, Format Version 12.00
# Visual Studio Version 17
VisualStudioVersion = 17.8.34004.107
MinimumVisualStudioVersion = 10.0.40219.1
Project("{FAE04EC0-301F-11D3-BF4B-00C04F79EFBC}") = "UserTest.Api", "UserTest\UserTest.Api.csproj", "{C934226C-1028-46D7-8EBD-1D700E871BD1}"
EndProject
Project("{FAE04EC0-301F-11D3-BF4B-00C04F79EFBC}") = "UserTest.Domain", "UserTest.Domain\UserTest.Domain.csproj", "{059B8A61-26EA-42A5-BB6E-FF8B5E4F8E66}"
EndProject
Project("{FAE04EC0-301F-11D3-BF4B-00C04F79EFBC}") = "UserTest.Infrastructure", "UserTest.Infrastructure\UserTest.Infrastructure.csproj", "{90A9E72D-7C97-4008-850F-5FC0632E5299}"
EndProject
Global
	GlobalSection(SolutionConfigurationPlatforms) = preSolution
		Debug|Any CPU = Debug|Any CPU
		Release|Any CPU = Release|Any CPU
	EndGlobalSection
	GlobalSection(ProjectConfigurationPlatforms) = postSolution
		{C934226C-1028-46D7-8EBD-1D700E871BD1}.Debug|Any CPU.ActiveCfg = Debug|Any CPU
		{C934226C-1028-46D7-8EBD-1D700E871BD1}.Debug|Any CPU.Build.0 = Debug|Any CPU
		{C934226C-1028-46D7-8EBD-1D700E871BD1}.Release|Any CPU.ActiveCfg = Release|Any CPU
		{C934226C-1028-46D7-8EBD-1D700E871BD1}.Release|Any CPU.Build.0 = Release|Any CPU
		{059B8A61-26EA-42A5-BB6E-FF8B5E4F8E66}.Debug|Any CPU.ActiveCfg = Debug|Any CPU
		{059B8A61-26EA-42A5-BB6E-FF8B5E4F8E66}.Debug|Any CPU.Build.0 = Debug|Any CPU
		{059B8A61-26EA-42A5-BB6E-FF8B5E4F8E66}.Release|Any CPU.ActiveCfg = Release|Any CPU
		{059B8A61-26EA-42A5-BB6E-FF8B5E4F8E66}.Release|Any CPU.Build.0 = Release|Any CPU
		{90A9E72D-7C97-4008-850F-5FC0632E5299}.Debug|Any CPU.ActiveCfg = Debug|Any CPU
		{90A9E72D-7C97-4008-850F-5FC0632E5299}.Debug|Any CPU.Build.0 = Debug|Any CPU
		{90A9E72D-7C97-4008-850F-5FC0632E5299}.Release|Any CPU.ActiveCfg = Release|Any CPU
		{90A9E72D-7C97-4008-850F-5FC0632E5299}.Release|Any CPU.Build.0 = Release|Any CPU
	EndGlobalSection
	GlobalSection(SolutionProperties) = preSolution
		HideSolutionNode = FALSE
	EndGlobalSection
	GlobalSection(ExtensibilityGlobals) = postSolution
		SolutionGuid = {6E4D7847-3DB7-43B0-ABE4-9378BF98DD1A}
	EndGlobalSection
EndGlobal
